
Microsoft Visual Studio Solution File, Format Version 12.00
Project("{FAE04EC0-301F-11D3-BF4B-00C04F79EFBC}") = "Lab5_LauzCarlStephen", "Lab5_LauzCarlStephen\Lab5_LauzCarlStephen.csproj", "{C683EDD1-DF22-451A-B71D-EAF4740E8E56}"
EndProject
Global
	GlobalSection(SolutionConfigurationPlatforms) = preSolution
		Debug|Any CPU = Debug|Any CPU
		Release|Any CPU = Release|Any CPU
	EndGlobalSection
	GlobalSection(ProjectConfigurationPlatforms) = postSolution
		{C683EDD1-DF22-451A-B71D-EAF4740E8E56}.Debug|Any CPU.ActiveCfg = Debug|Any CPU
		{C683EDD1-DF22-451A-B71D-EAF4740E8E56}.Debug|Any CPU.Build.0 = Debug|Any CPU
		{C683EDD1-DF22-451A-B71D-EAF4740E8E56}.Release|Any CPU.ActiveCfg = Release|Any CPU
		{C683EDD1-DF22-451A-B71D-EAF4740E8E56}.Release|Any CPU.Build.0 = Release|Any CPU
	EndGlobalSection
EndGlobal
